PODS:
  - Flutter (1.0.0)
  - restart_app (0.0.1):
    - Flutter

DEPENDENCIES:
  - Flutter (from `Flutter`)
  - restart_app (from `.symlinks/plugins/restart_app/ios`)

EXTERNAL SOURCES:
  Flutter:
    :path: Flutter
  restart_app:
    :path: ".symlinks/plugins/restart_app/ios"

SPEC CHECKSUMS:
  Flutter: e0871f40cf51350855a761d2e70bf5af5b9b5de7
  restart_app: 806659942bf932f6ce51c5372f91ce5e81c8c14a

PODFILE CHECKSUM: 819463e6a0290f5a72f145ba7cde16e8b6ef0796

COCOAPODS: 1.14.3
