PODS:
  - Flutter (1.0.0)
  - restart_app (1.7.3):
    - Flutter

DEPENDENCIES:
  - Flutter (from `Flutter`)
  - restart_app (from `.symlinks/plugins/restart_app/ios`)

EXTERNAL SOURCES:
  Flutter:
    :path: Flutter
  restart_app:
    :path: ".symlinks/plugins/restart_app/ios"

SPEC CHECKSUMS:
  Flutter: cabc95a1d2626b1b06e7179b784ebcf0c0cde467
  restart_app: cab057e3e2a21d64a22df04eab057b6158f59cc1

PODFILE CHECKSUM: 4f1c12611da7338d21589c0b2ecd6bd20b109694

COCOAPODS: 1.16.2
